
Microsoft Visual Studio Solution File, Format Version 12.00
# Visual Studio 15
VisualStudioVersion = 15.0.27703.2047
MinimumVisualStudioVersion = 10.0.40219.1
Project("{FAE04EC0-301F-11D3-BF4B-00C04F79EFBC}") = "BookApp", "BookApp\BookApp.csproj", "{8CC3C7C8-2AC7-4BE1-8C45-1092C66BA139}"
EndProject
Global
	GlobalSection(SolutionConfigurationPlatforms) = preSolution
		Debug|Any CPU = Debug|Any CPU
		Release|Any CPU = Release|Any CPU
	EndGlobalSection
	GlobalSection(ProjectConfigurationPlatforms) = postSolution
		{8CC3C7C8-2AC7-4BE1-8C45-1092C66BA139}.Debug|Any CPU.ActiveCfg = Debug|Any CPU
		{8CC3C7C8-2AC7-4BE1-8C45-1092C66BA139}.Debug|Any CPU.Build.0 = Debug|Any CPU
		{8CC3C7C8-2AC7-4BE1-8C45-1092C66BA139}.Release|Any CPU.ActiveCfg = Release|Any CPU
		{8CC3C7C8-2AC7-4BE1-8C45-1092C66BA139}.Release|Any CPU.Build.0 = Release|Any CPU
	EndGlobalSection
	GlobalSection(SolutionProperties) = preSolution
		HideSolutionNode = FALSE
	EndGlobalSection
	GlobalSection(ExtensibilityGlobals) = postSolution
		SolutionGuid = {D41FB284-745C-4850-AF0A-1610928D9947}
	EndGlobalSection
EndGlobal
